// !$*UTF8*$!
{
	archiveVersion = 1;
	classes = {
	};
	objectVersion = 56;
	objects = {

/* Begin PBXBuildFile section */
		D216667A2B8ABB4E00286B28 /* BackgroundTask.swift in Sources */ = {isa = PBXBuildFile; fileRef = D21666792B8ABB4E00286B28 /* BackgroundTask.swift */; };
		D222ED852B82DDCD002352B1 /* MarkerPlace.swift in Sources */ = {isa = PBXBuildFile; fileRef = D222ED842B82DDCD002352B1 /* MarkerPlace.swift */; };
		D222ED872B82E2E3002352B1 /* Validator.swift in Sources */ = {isa = PBXBuildFile; fileRef = D222ED862B82E2E3002352B1 /* Validator.swift */; };
		D222ED8A2B82E7CE002352B1 /* GoogleService-Info.plist in Resources */ = {isa = PBXBuildFile; fileRef = D222ED892B82E7CE002352B1 /* GoogleService-Info.plist */; };
		D222ED8D2B82E852002352B1 /* FirebaseAnalytics in Frameworks */ = {isa = PBXBuildFile; productRef = D222ED8C2B82E852002352B1 /* FirebaseAnalytics */; };
		D222ED8F2B82E852002352B1 /* FirebaseAnalyticsOnDeviceConversion in Frameworks */ = {isa = PBXBuildFile; productRef = D222ED8E2B82E852002352B1 /* FirebaseAnalyticsOnDeviceConversion */; };
		D222ED912B82E852002352B1 /* FirebaseAnalyticsSwift in Frameworks */ = {isa = PBXBuildFile; productRef = D222ED902B82E852002352B1 /* FirebaseAnalyticsSwift */; };
		D222ED932B82E852002352B1 /* FirebaseAnalyticsWithoutAdIdSupport in Frameworks */ = {isa = PBXBuildFile; productRef = D222ED922B82E852002352B1 /* FirebaseAnalyticsWithoutAdIdSupport */; };
		D222ED952B82E852002352B1 /* FirebaseAppCheck in Frameworks */ = {isa = PBXBuildFile; productRef = D222ED942B82E852002352B1 /* FirebaseAppCheck */; };
		D222ED972B82E852002352B1 /* FirebaseAppDistribution-Beta in Frameworks */ = {isa = PBXBuildFile; productRef = D222ED962B82E852002352B1 /* FirebaseAppDistribution-Beta */; };
		D222ED992B82E852002352B1 /* FirebaseAuth in Frameworks */ = {isa = PBXBuildFile; productRef = D222ED982B82E852002352B1 /* FirebaseAuth */; };
		D222ED9B2B82E852002352B1 /* FirebaseAuthCombine-Community in Frameworks */ = {isa = PBXBuildFile; productRef = D222ED9A2B82E852002352B1 /* FirebaseAuthCombine-Community */; };
		D222ED9D2B82E852002352B1 /* FirebaseCrashlytics in Frameworks */ = {isa = PBXBuildFile; productRef = D222ED9C2B82E852002352B1 /* FirebaseCrashlytics */; };
		D222ED9F2B82E852002352B1 /* FirebaseDatabase in Frameworks */ = {isa = PBXBuildFile; productRef = D222ED9E2B82E852002352B1 /* FirebaseDatabase */; };
		D222EDA12B82E852002352B1 /* FirebaseDatabaseSwift in Frameworks */ = {isa = PBXBuildFile; productRef = D222EDA02B82E852002352B1 /* FirebaseDatabaseSwift */; };
		D222EDA32B82E852002352B1 /* FirebaseDynamicLinks in Frameworks */ = {isa = PBXBuildFile; productRef = D222EDA22B82E852002352B1 /* FirebaseDynamicLinks */; };
		D222EDA52B82E852002352B1 /* FirebaseFirestore in Frameworks */ = {isa = PBXBuildFile; productRef = D222EDA42B82E852002352B1 /* FirebaseFirestore */; };
		D222EDA72B82E852002352B1 /* FirebaseFirestoreCombine-Community in Frameworks */ = {isa = PBXBuildFile; productRef = D222EDA62B82E852002352B1 /* FirebaseFirestoreCombine-Community */; };
		D222EDA92B82E852002352B1 /* FirebaseFirestoreSwift in Frameworks */ = {isa = PBXBuildFile; productRef = D222EDA82B82E852002352B1 /* FirebaseFirestoreSwift */; };
		D222EDAB2B82E852002352B1 /* FirebaseFunctions in Frameworks */ = {isa = PBXBuildFile; productRef = D222EDAA2B82E852002352B1 /* FirebaseFunctions */; };
		D222EDAD2B82E852002352B1 /* FirebaseFunctionsCombine-Community in Frameworks */ = {isa = PBXBuildFile; productRef = D222EDAC2B82E852002352B1 /* FirebaseFunctionsCombine-Community */; };
		D222EDAF2B82E852002352B1 /* FirebaseInAppMessaging-Beta in Frameworks */ = {isa = PBXBuildFile; productRef = D222EDAE2B82E852002352B1 /* FirebaseInAppMessaging-Beta */; };
		D222EDB12B82E852002352B1 /* FirebaseInAppMessagingSwift-Beta in Frameworks */ = {isa = PBXBuildFile; productRef = D222EDB02B82E852002352B1 /* FirebaseInAppMessagingSwift-Beta */; };
		D222EDB32B82E852002352B1 /* FirebaseInstallations in Frameworks */ = {isa = PBXBuildFile; productRef = D222EDB22B82E852002352B1 /* FirebaseInstallations */; };
		D222EDB52B82E852002352B1 /* FirebaseMLModelDownloader in Frameworks */ = {isa = PBXBuildFile; productRef = D222EDB42B82E852002352B1 /* FirebaseMLModelDownloader */; };
		D222EDB72B82E852002352B1 /* FirebaseMessaging in Frameworks */ = {isa = PBXBuildFile; productRef = D222EDB62B82E852002352B1 /* FirebaseMessaging */; };
		D222EDB92B82E852002352B1 /* FirebasePerformance in Frameworks */ = {isa = PBXBuildFile; productRef = D222EDB82B82E852002352B1 /* FirebasePerformance */; };
		D222EDBB2B82E852002352B1 /* FirebaseRemoteConfig in Frameworks */ = {isa = PBXBuildFile; productRef = D222EDBA2B82E852002352B1 /* FirebaseRemoteConfig */; };
		D222EDBD2B82E852002352B1 /* FirebaseRemoteConfigSwift in Frameworks */ = {isa = PBXBuildFile; productRef = D222EDBC2B82E852002352B1 /* FirebaseRemoteConfigSwift */; };
		D222EDBF2B82E852002352B1 /* FirebaseStorage in Frameworks */ = {isa = PBXBuildFile; productRef = D222EDBE2B82E852002352B1 /* FirebaseStorage */; };
		D222EDC12B82E852002352B1 /* FirebaseStorageCombine-Community in Frameworks */ = {isa = PBXBuildFile; productRef = D222EDC02B82E852002352B1 /* FirebaseStorageCombine-Community */; };
		D222EDC62B839B73002352B1 /* DocumentRepository.swift in Sources */ = {isa = PBXBuildFile; fileRef = D222EDC52B839B73002352B1 /* DocumentRepository.swift */; };
		D233D55D2B821D7800D67CD6 /* DeviceFinderIOSApp.swift in Sources */ = {isa = PBXBuildFile; fileRef = D233D55C2B821D7800D67CD6 /* DeviceFinderIOSApp.swift */; };
		D233D5612B821D7A00D67CD6 /* Assets.xcassets in Resources */ = {isa = PBXBuildFile; fileRef = D233D5602B821D7A00D67CD6 /* Assets.xcassets */; };
		D233D5652B821D7A00D67CD6 /* Preview Assets.xcassets in Resources */ = {isa = PBXBuildFile; fileRef = D233D5642B821D7A00D67CD6 /* Preview Assets.xcassets */; };
		D233D56F2B821D7A00D67CD6 /* DeviceFinderIOSTests.swift in Sources */ = {isa = PBXBuildFile; fileRef = D233D56E2B821D7A00D67CD6 /* DeviceFinderIOSTests.swift */; };
		D233D5792B821D7A00D67CD6 /* DeviceFinderIOSUITests.swift in Sources */ = {isa = PBXBuildFile; fileRef = D233D5782B821D7A00D67CD6 /* DeviceFinderIOSUITests.swift */; };
		D233D57B2B821D7A00D67CD6 /* DeviceFinderIOSUITestsLaunchTests.swift in Sources */ = {isa = PBXBuildFile; fileRef = D233D57A2B821D7A00D67CD6 /* DeviceFinderIOSUITestsLaunchTests.swift */; };
		D233D58B2B821DFD00D67CD6 /* .gitignore in Resources */ = {isa = PBXBuildFile; fileRef = D233D58A2B821DFD00D67CD6 /* .gitignore */; };
		D233D58D2B821E7600D67CD6 /* SplashScreen.swift in Sources */ = {isa = PBXBuildFile; fileRef = D233D58C2B821E7600D67CD6 /* SplashScreen.swift */; };
		D233D58F2B821ED800D67CD6 /* Device.swift in Sources */ = {isa = PBXBuildFile; fileRef = D233D58E2B821ED800D67CD6 /* Device.swift */; };
		D233D5912B8221AE00D67CD6 /* EntranceScreen.swift in Sources */ = {isa = PBXBuildFile; fileRef = D233D5902B8221AE00D67CD6 /* EntranceScreen.swift */; };
		D233D5932B82224E00D67CD6 /* DeviceFindScreen.swift in Sources */ = {isa = PBXBuildFile; fileRef = D233D5922B82224E00D67CD6 /* DeviceFindScreen.swift */; };
		D233D5952B82225E00D67CD6 /* RegisterScreen.swift in Sources */ = {isa = PBXBuildFile; fileRef = D233D5942B82225E00D67CD6 /* RegisterScreen.swift */; };
		D233D5982B82288D00D67CD6 /* GeoLocationService.swift in Sources */ = {isa = PBXBuildFile; fileRef = D233D5972B82288D00D67CD6 /* GeoLocationService.swift */; };
		D233D59B2B823A7600D67CD6 /* TextButton.swift in Sources */ = {isa = PBXBuildFile; fileRef = D233D59A2B823A7600D67CD6 /* TextButton.swift */; };
		D233D59D2B823E1E00D67CD6 /* Util.swift in Sources */ = {isa = PBXBuildFile; fileRef = D233D59C2B823E1E00D67CD6 /* Util.swift */; };
		D24E02492B861B0F004F0FB7 /* ButtonPressAction.swift in Sources */ = {isa = PBXBuildFile; fileRef = D24E02482B861B0F004F0FB7 /* ButtonPressAction.swift */; };
		D24E024C2B8623D4004F0FB7 /* Router.swift in Sources */ = {isa = PBXBuildFile; fileRef = D24E024B2B8623D4004F0FB7 /* Router.swift */; };
		D25DEC382B8C6246000781A9 /* UnitTestFindPage.swift in Sources */ = {isa = PBXBuildFile; fileRef = D25DEC372B8C6246000781A9 /* UnitTestFindPage.swift */; };
		D25DEC3A2B8C6D4B000781A9 /* MockedDocumentRepository.swift in Sources */ = {isa = PBXBuildFile; fileRef = D25DEC392B8C6D4B000781A9 /* MockedDocumentRepository.swift */; };
		D25DEC3C2B8C74A6000781A9 /* UnitTestRegisterPage.swift in Sources */ = {isa = PBXBuildFile; fileRef = D25DEC3B2B8C74A6000781A9 /* UnitTestRegisterPage.swift */; };
		D25DEC3E2B8CAC4E000781A9 /* FindPageUiTest.swift in Sources */ = {isa = PBXBuildFile; fileRef = D25DEC3D2B8CAC4E000781A9 /* FindPageUiTest.swift */; };
		D25DEC402B8CAC8E000781A9 /* LaunchPageUiTest.swift in Sources */ = {isa = PBXBuildFile; fileRef = D25DEC3F2B8CAC8E000781A9 /* LaunchPageUiTest.swift */; };
		D25DEC432B8CBD29000781A9 /* ButtonModifier.swift in Sources */ = {isa = PBXBuildFile; fileRef = D25DEC422B8CBD29000781A9 /* ButtonModifier.swift */; };
		D25DEC452B8CD54A000781A9 /* FormComponent.swift in Sources */ = {isa = PBXBuildFile; fileRef = D25DEC442B8CD54A000781A9 /* FormComponent.swift */; };
		D263453A2B90B28D00B3EBAC /* DeviceRegisterState.swift in Sources */ = {isa = PBXBuildFile; fileRef = D26345392B90B28D00B3EBAC /* DeviceRegisterState.swift */; };
		D263453E2B90B5AD00B3EBAC /* EntranceViewModel.swift in Sources */ = {isa = PBXBuildFile; fileRef = D263453D2B90B5AD00B3EBAC /* EntranceViewModel.swift */; };
		D26345412B90C0A600B3EBAC /* DeviceFindViewModel.swift in Sources */ = {isa = PBXBuildFile; fileRef = D26345402B90C0A600B3EBAC /* DeviceFindViewModel.swift */; };
		D277543F2B8B17C400EB49D9 /* DeviceFoundScreen.swift in Sources */ = {isa = PBXBuildFile; fileRef = D277543E2B8B17C400EB49D9 /* DeviceFoundScreen.swift */; };
		D27754422B8B818500EB49D9 /* Localizable.strings in Resources */ = {isa = PBXBuildFile; fileRef = D27754442B8B818500EB49D9 /* Localizable.strings */; };
		D2A0BC5C2B8AFB3D00092330 /* DbFactoryPage.swift in Sources */ = {isa = PBXBuildFile; fileRef = D2A0BC5B2B8AFB3D00092330 /* DbFactoryPage.swift */; };
		D2A0BC5E2B8B093A00092330 /* ButtonComponent.swift in Sources */ = {isa = PBXBuildFile; fileRef = D2A0BC5D2B8B093A00092330 /* ButtonComponent.swift */; };
		D2F537A02B8E09F200E0C09F /* UIKitMapSnapshotPage.swift in Sources */ = {isa = PBXBuildFile; fileRef = D2F5379F2B8E09F200E0C09F /* UIKitMapSnapshotPage.swift */; };
		D2FD8BAD2B89BF6D00D34468 /* WaitingIndicatorStyle.swift in Sources */ = {isa = PBXBuildFile; fileRef = D2FD8BAC2B89BF6D00D34468 /* WaitingIndicatorStyle.swift */; };
		D2FD8BB02B89F6D600D34468 /* Constans.swift in Sources */ = {isa = PBXBuildFile; fileRef = D2FD8BAF2B89F6D600D34468 /* Constans.swift */; };
/* End PBXBuildFile section */

/* Begin PBXContainerItemProxy section */
		D233D56B2B821D7A00D67CD6 /* PBXContainerItemProxy */ = {
			isa = PBXContainerItemProxy;
			containerPortal = D233D5512B821D7800D67CD6 /* Project object */;
			proxyType = 1;
			remoteGlobalIDString = D233D5582B821D7800D67CD6;
			remoteInfo = DeviceFinderIOS;
		};
		D233D5752B821D7A00D67CD6 /* PBXContainerItemProxy */ = {
			isa = PBXContainerItemProxy;
			containerPortal = D233D5512B821D7800D67CD6 /* Project object */;
			proxyType = 1;
			remoteGlobalIDString = D233D5582B821D7800D67CD6;
			remoteInfo = DeviceFinderIOS;
		};
/* End PBXContainerItemProxy section */

/* Begin PBXFileReference section */
		D21666792B8ABB4E00286B28 /* BackgroundTask.swift */ = {isa = PBXFileReference; lastKnownFileType = sourcecode.swift; path = BackgroundTask.swift; sourceTree = "<group>"; };
		D222ED832B82D696002352B1 /* Info.plist */ = {isa = PBXFileReference; lastKnownFileType = text.plist; path = Info.plist; sourceTree = "<group>"; };
		D222ED842B82DDCD002352B1 /* MarkerPlace.swift */ = {isa = PBXFileReference; lastKnownFileType = sourcecode.swift; path = MarkerPlace.swift; sourceTree = "<group>"; };
		D222ED862B82E2E3002352B1 /* Validator.swift */ = {isa = PBXFileReference; lastKnownFileType = sourcecode.swift; path = Validator.swift; sourceTree = "<group>"; };
		D222ED892B82E7CE002352B1 /* GoogleService-Info.plist */ = {isa = PBXFileReference; fileEncoding = 4; lastKnownFileType = text.plist.xml; path = "GoogleService-Info.plist"; sourceTree = "<group>"; };
		D222EDC52B839B73002352B1 /* DocumentRepository.swift */ = {isa = PBXFileReference; lastKnownFileType = sourcecode.swift; path = DocumentRepository.swift; sourceTree = "<group>"; };
		D233D5592B821D7800D67CD6 /* DeviceFinderIOS.app */ = {isa = PBXFileReference; explicitFileType = wrapper.application; includeInIndex = 0; path = DeviceFinderIOS.app; sourceTree = BUILT_PRODUCTS_DIR; };
		D233D55C2B821D7800D67CD6 /* DeviceFinderIOSApp.swift */ = {isa = PBXFileReference; lastKnownFileType = sourcecode.swift; path = DeviceFinderIOSApp.swift; sourceTree = "<group>"; };
		D233D5602B821D7A00D67CD6 /* Assets.xcassets */ = {isa = PBXFileReference; lastKnownFileType = folder.assetcatalog; path = Assets.xcassets; sourceTree = "<group>"; };
		D233D5622B821D7A00D67CD6 /* DeviceFinderIOS.entitlements */ = {isa = PBXFileReference; lastKnownFileType = text.plist.entitlements; path = DeviceFinderIOS.entitlements; sourceTree = "<group>"; };
		D233D5642B821D7A00D67CD6 /* Preview Assets.xcassets */ = {isa = PBXFileReference; lastKnownFileType = folder.assetcatalog; path = "Preview Assets.xcassets"; sourceTree = "<group>"; };
		D233D56A2B821D7A00D67CD6 /* DeviceFinderIOSTests.xctest */ = {isa = PBXFileReference; explicitFileType = wrapper.cfbundle; includeInIndex = 0; path = DeviceFinderIOSTests.xctest; sourceTree = BUILT_PRODUCTS_DIR; };
		D233D56E2B821D7A00D67CD6 /* DeviceFinderIOSTests.swift */ = {isa = PBXFileReference; lastKnownFileType = sourcecode.swift; path = DeviceFinderIOSTests.swift; sourceTree = "<group>"; };
		D233D5742B821D7A00D67CD6 /* DeviceFinderIOSUITests.xctest */ = {isa = PBXFileReference; explicitFileType = wrapper.cfbundle; includeInIndex = 0; path = DeviceFinderIOSUITests.xctest; sourceTree = BUILT_PRODUCTS_DIR; };
		D233D5782B821D7A00D67CD6 /* DeviceFinderIOSUITests.swift */ = {isa = PBXFileReference; lastKnownFileType = sourcecode.swift; path = DeviceFinderIOSUITests.swift; sourceTree = "<group>"; };
		D233D57A2B821D7A00D67CD6 /* DeviceFinderIOSUITestsLaunchTests.swift */ = {isa = PBXFileReference; lastKnownFileType = sourcecode.swift; path = DeviceFinderIOSUITestsLaunchTests.swift; sourceTree = "<group>"; };
		D233D58A2B821DFD00D67CD6 /* .gitignore */ = {isa = PBXFileReference; lastKnownFileType = text; path = .gitignore; sourceTree = "<group>"; };
		D233D58C2B821E7600D67CD6 /* SplashScreen.swift */ = {isa = PBXFileReference; lastKnownFileType = sourcecode.swift; path = SplashScreen.swift; sourceTree = "<group>"; };
		D233D58E2B821ED800D67CD6 /* Device.swift */ = {isa = PBXFileReference; lastKnownFileType = sourcecode.swift; path = Device.swift; sourceTree = "<group>"; };
		D233D5902B8221AE00D67CD6 /* EntranceScreen.swift */ = {isa = PBXFileReference; lastKnownFileType = sourcecode.swift; path = EntranceScreen.swift; sourceTree = "<group>"; };
		D233D5922B82224E00D67CD6 /* DeviceFindScreen.swift */ = {isa = PBXFileReference; lastKnownFileType = sourcecode.swift; path = DeviceFindScreen.swift; sourceTree = "<group>"; };
		D233D5942B82225E00D67CD6 /* RegisterScreen.swift */ = {isa = PBXFileReference; lastKnownFileType = sourcecode.swift; path = RegisterScreen.swift; sourceTree = "<group>"; };
		D233D5972B82288D00D67CD6 /* GeoLocationService.swift */ = {isa = PBXFileReference; lastKnownFileType = sourcecode.swift; path = GeoLocationService.swift; sourceTree = "<group>"; };
		D233D59A2B823A7600D67CD6 /* TextButton.swift */ = {isa = PBXFileReference; lastKnownFileType = sourcecode.swift; path = TextButton.swift; sourceTree = "<group>"; };
		D233D59C2B823E1E00D67CD6 /* Util.swift */ = {isa = PBXFileReference; lastKnownFileType = sourcecode.swift; path = Util.swift; sourceTree = "<group>"; };
		D24E02482B861B0F004F0FB7 /* ButtonPressAction.swift */ = {isa = PBXFileReference; lastKnownFileType = sourcecode.swift; path = ButtonPressAction.swift; sourceTree = "<group>"; };
		D24E024B2B8623D4004F0FB7 /* Router.swift */ = {isa = PBXFileReference; lastKnownFileType = sourcecode.swift; path = Router.swift; sourceTree = "<group>"; };
		D25DEC372B8C6246000781A9 /* UnitTestFindPage.swift */ = {isa = PBXFileReference; lastKnownFileType = sourcecode.swift; path = UnitTestFindPage.swift; sourceTree = "<group>"; };
		D25DEC392B8C6D4B000781A9 /* MockedDocumentRepository.swift */ = {isa = PBXFileReference; lastKnownFileType = sourcecode.swift; path = MockedDocumentRepository.swift; sourceTree = "<group>"; };
		D25DEC3B2B8C74A6000781A9 /* UnitTestRegisterPage.swift */ = {isa = PBXFileReference; lastKnownFileType = sourcecode.swift; path = UnitTestRegisterPage.swift; sourceTree = "<group>"; };
		D25DEC3D2B8CAC4E000781A9 /* FindPageUiTest.swift */ = {isa = PBXFileReference; lastKnownFileType = sourcecode.swift; path = FindPageUiTest.swift; sourceTree = "<group>"; };
		D25DEC3F2B8CAC8E000781A9 /* LaunchPageUiTest.swift */ = {isa = PBXFileReference; lastKnownFileType = sourcecode.swift; path = LaunchPageUiTest.swift; sourceTree = "<group>"; };
		D25DEC422B8CBD29000781A9 /* ButtonModifier.swift */ = {isa = PBXFileReference; lastKnownFileType = sourcecode.swift; path = ButtonModifier.swift; sourceTree = "<group>"; };
		D25DEC442B8CD54A000781A9 /* FormComponent.swift */ = {isa = PBXFileReference; lastKnownFileType = sourcecode.swift; path = FormComponent.swift; sourceTree = "<group>"; };
		D26345392B90B28D00B3EBAC /* DeviceRegisterState.swift */ = {isa = PBXFileReference; lastKnownFileType = sourcecode.swift; path = DeviceRegisterState.swift; sourceTree = "<group>"; };
		D263453D2B90B5AD00B3EBAC /* EntranceViewModel.swift */ = {isa = PBXFileReference; lastKnownFileType = sourcecode.swift; path = EntranceViewModel.swift; sourceTree = "<group>"; };
		D26345402B90C0A600B3EBAC /* DeviceFindViewModel.swift */ = {isa = PBXFileReference; lastKnownFileType = sourcecode.swift; path = DeviceFindViewModel.swift; sourceTree = "<group>"; };
		D277543E2B8B17C400EB49D9 /* DeviceFoundScreen.swift */ = {isa = PBXFileReference; lastKnownFileType = sourcecode.swift; path = DeviceFoundScreen.swift; sourceTree = "<group>"; };
		D27754432B8B818500EB49D9 /* en */ = {isa = PBXFileReference; lastKnownFileType = text.plist.strings; name = en; path = en.lproj/Localizable.strings; sourceTree = "<group>"; };
		D27754452B8B819400EB49D9 /* ja */ = {isa = PBXFileReference; lastKnownFileType = text.plist.strings; name = ja; path = ja.lproj/Localizable.strings; sourceTree = "<group>"; };
		D2A0BC5B2B8AFB3D00092330 /* DbFactoryPage.swift */ = {isa = PBXFileReference; lastKnownFileType = sourcecode.swift; path = DbFactoryPage.swift; sourceTree = "<group>"; };
		D2A0BC5D2B8B093A00092330 /* ButtonComponent.swift */ = {isa = PBXFileReference; lastKnownFileType = sourcecode.swift; path = ButtonComponent.swift; sourceTree = "<group>"; };
		D2F5379F2B8E09F200E0C09F /* UIKitMapSnapshotPage.swift */ = {isa = PBXFileReference; lastKnownFileType = sourcecode.swift; path = UIKitMapSnapshotPage.swift; sourceTree = "<group>"; };
		D2FD8BAC2B89BF6D00D34468 /* WaitingIndicatorStyle.swift */ = {isa = PBXFileReference; lastKnownFileType = sourcecode.swift; path = WaitingIndicatorStyle.swift; sourceTree = "<group>"; };
		D2FD8BAF2B89F6D600D34468 /* Constans.swift */ = {isa = PBXFileReference; lastKnownFileType = sourcecode.swift; path = Constans.swift; sourceTree = "<group>"; };
/* End PBXFileReference section */

/* Begin PBXFrameworksBuildPhase section */
		D233D5562B821D7800D67CD6 /* Frameworks */ = {
			isa = PBXFrameworksBuildPhase;
			buildActionMask = 2147483647;
			files = (
				D222ED9F2B82E852002352B1 /* FirebaseDatabase in Frameworks */,
				D222EDAD2B82E852002352B1 /* FirebaseFunctionsCombine-Community in Frameworks */,
				D222EDA52B82E852002352B1 /* FirebaseFirestore in Frameworks */,
				D222ED912B82E852002352B1 /* FirebaseAnalyticsSwift in Frameworks */,
				D222ED8D2B82E852002352B1 /* FirebaseAnalytics in Frameworks */,
				D222ED8F2B82E852002352B1 /* FirebaseAnalyticsOnDeviceConversion in Frameworks */,
				D222EDB52B82E852002352B1 /* FirebaseMLModelDownloader in Frameworks */,
				D222EDA92B82E852002352B1 /* FirebaseFirestoreSwift in Frameworks */,
				D222ED952B82E852002352B1 /* FirebaseAppCheck in Frameworks */,
				D222ED932B82E852002352B1 /* FirebaseAnalyticsWithoutAdIdSupport in Frameworks */,
				D222ED992B82E852002352B1 /* FirebaseAuth in Frameworks */,
				D222ED9D2B82E852002352B1 /* FirebaseCrashlytics in Frameworks */,
				D222EDBD2B82E852002352B1 /* FirebaseRemoteConfigSwift in Frameworks */,
				D222EDAF2B82E852002352B1 /* FirebaseInAppMessaging-Beta in Frameworks */,
				D222EDA12B82E852002352B1 /* FirebaseDatabaseSwift in Frameworks */,
				D222EDAB2B82E852002352B1 /* FirebaseFunctions in Frameworks */,
				D222EDC12B82E852002352B1 /* FirebaseStorageCombine-Community in Frameworks */,
				D222EDBB2B82E852002352B1 /* FirebaseRemoteConfig in Frameworks */,
				D222ED972B82E852002352B1 /* FirebaseAppDistribution-Beta in Frameworks */,
				D222ED9B2B82E852002352B1 /* FirebaseAuthCombine-Community in Frameworks */,
				D222EDB92B82E852002352B1 /* FirebasePerformance in Frameworks */,
				D222EDB12B82E852002352B1 /* FirebaseInAppMessagingSwift-Beta in Frameworks */,
				D222EDBF2B82E852002352B1 /* FirebaseStorage in Frameworks */,
				D222EDA32B82E852002352B1 /* FirebaseDynamicLinks in Frameworks */,
				D222EDA72B82E852002352B1 /* FirebaseFirestoreCombine-Community in Frameworks */,
				D222EDB72B82E852002352B1 /* FirebaseMessaging in Frameworks */,
				D222EDB32B82E852002352B1 /* FirebaseInstallations in Frameworks */,
			);
			runOnlyForDeploymentPostprocessing = 0;
		};
		D233D5672B821D7A00D67CD6 /* Frameworks */ = {
			isa = PBXFrameworksBuildPhase;
			buildActionMask = 2147483647;
			files = (
			);
			runOnlyForDeploymentPostprocessing = 0;
		};
		D233D5712B821D7A00D67CD6 /* Frameworks */ = {
			isa = PBXFrameworksBuildPhase;
			buildActionMask = 2147483647;
			files = (
			);
			runOnlyForDeploymentPostprocessing = 0;
		};
/* End PBXFrameworksBuildPhase section */

/* Begin PBXGroup section */
		D21666782B8ABB1D00286B28 /* Background */ = {
			isa = PBXGroup;
			children = (
				D21666792B8ABB4E00286B28 /* BackgroundTask.swift */,
			);
			path = Background;
			sourceTree = "<group>";
		};
		D222ED882B82E2E9002352B1 /* Validator */ = {
			isa = PBXGroup;
			children = (
				D222ED862B82E2E3002352B1 /* Validator.swift */,
			);
			path = Validator;
			sourceTree = "<group>";
		};
		D222EDC22B82E9F2002352B1 /* Repository */ = {
			isa = PBXGroup;
			children = (
				D222EDC52B839B73002352B1 /* DocumentRepository.swift */,
			);
			path = Repository;
			sourceTree = "<group>";
		};
		D233D5502B821D7800D67CD6 = {
			isa = PBXGroup;
			children = (
				D233D58A2B821DFD00D67CD6 /* .gitignore */,
				D233D55B2B821D7800D67CD6 /* DeviceFinderIOS */,
				D233D56D2B821D7A00D67CD6 /* DeviceFinderIOSTests */,
				D233D5772B821D7A00D67CD6 /* DeviceFinderIOSUITests */,
				D233D55A2B821D7800D67CD6 /* Products */,
			);
			sourceTree = "<group>";
		};
		D233D55A2B821D7800D67CD6 /* Products */ = {
			isa = PBXGroup;
			children = (
				D233D5592B821D7800D67CD6 /* DeviceFinderIOS.app */,
				D233D56A2B821D7A00D67CD6 /* DeviceFinderIOSTests.xctest */,
				D233D5742B821D7A00D67CD6 /* DeviceFinderIOSUITests.xctest */,
			);
			name = Products;
			sourceTree = "<group>";
		};
		D233D55B2B821D7800D67CD6 /* DeviceFinderIOS */ = {
			isa = PBXGroup;
			children = (
				D21666782B8ABB1D00286B28 /* Background */,
				D233D5992B823A6200D67CD6 /* Component */,
				D2FD8BAE2B89F63400D34468 /* Constant */,
				D263453F2B90B69C00B3EBAC /* DeviceRegisterState */,
				D26345352B90AFAD00B3EBAC /* DeviceRegister */,
				D26345342B90AF9700B3EBAC /* DeviceFind */,
				D26345332B90AF7F00B3EBAC /* Eentrance */,
				D26345362B90AFF800B3EBAC /* FoundDevice */,
				D233D5962B82286400D67CD6 /* Location */,
				D233D5892B821DAF00D67CD6 /* Model */,
				D24E02472B861AE4004F0FB7 /* Modifier */,
				D222EDC22B82E9F2002352B1 /* Repository */,
				D26345322B90AF5F00B3EBAC /* Splash */,
				D233D5872B821D9B00D67CD6 /* UIMapSnapShot */,
				D24E024A2B8623C8004F0FB7 /* Router */,
				D222ED882B82E2E9002352B1 /* Validator */,
				D222ED892B82E7CE002352B1 /* GoogleService-Info.plist */,
				D222ED832B82D696002352B1 /* Info.plist */,
				D233D55C2B821D7800D67CD6 /* DeviceFinderIOSApp.swift */,
				D233D5602B821D7A00D67CD6 /* Assets.xcassets */,
				D233D5622B821D7A00D67CD6 /* DeviceFinderIOS.entitlements */,
				D233D5632B821D7A00D67CD6 /* Preview Content */,
				D233D59C2B823E1E00D67CD6 /* Util.swift */,
				D27754442B8B818500EB49D9 /* Localizable.strings */,
				D2A0BC5A2B8AFB2500092330 /* Debug */,
			);
			path = DeviceFinderIOS;
			sourceTree = "<group>";
		};
		D233D5632B821D7A00D67CD6 /* Preview Content */ = {
			isa = PBXGroup;
			children = (
				D233D5642B821D7A00D67CD6 /* Preview Assets.xcassets */,
			);
			path = "Preview Content";
			sourceTree = "<group>";
		};
		D233D56D2B821D7A00D67CD6 /* DeviceFinderIOSTests */ = {
			isa = PBXGroup;
			children = (
				D233D56E2B821D7A00D67CD6 /* DeviceFinderIOSTests.swift */,
				D25DEC372B8C6246000781A9 /* UnitTestFindPage.swift */,
				D25DEC392B8C6D4B000781A9 /* MockedDocumentRepository.swift */,
				D25DEC3B2B8C74A6000781A9 /* UnitTestRegisterPage.swift */,
			);
			path = DeviceFinderIOSTests;
			sourceTree = "<group>";
		};
		D233D5772B821D7A00D67CD6 /* DeviceFinderIOSUITests */ = {
			isa = PBXGroup;
			children = (
				D233D5782B821D7A00D67CD6 /* DeviceFinderIOSUITests.swift */,
				D233D57A2B821D7A00D67CD6 /* DeviceFinderIOSUITestsLaunchTests.swift */,
				D25DEC3D2B8CAC4E000781A9 /* FindPageUiTest.swift */,
				D25DEC3F2B8CAC8E000781A9 /* LaunchPageUiTest.swift */,
			);
			path = DeviceFinderIOSUITests;
			sourceTree = "<group>";
		};
		D233D5872B821D9B00D67CD6 /* UIMapSnapShot */ = {
			isa = PBXGroup;
			children = (
				D2F5379F2B8E09F200E0C09F /* UIKitMapSnapshotPage.swift */,
			);
			path = UIMapSnapShot;
			sourceTree = "<group>";
		};
		D233D5892B821DAF00D67CD6 /* Model */ = {
			isa = PBXGroup;
			children = (
				D233D58E2B821ED800D67CD6 /* Device.swift */,
			);
			path = Model;
			sourceTree = "<group>";
		};
		D233D5962B82286400D67CD6 /* Location */ = {
			isa = PBXGroup;
			children = (
				D233D5972B82288D00D67CD6 /* GeoLocationService.swift */,
			);
			path = Location;
			sourceTree = "<group>";
		};
		D233D5992B823A6200D67CD6 /* Component */ = {
			isa = PBXGroup;
			children = (
				D25DEC412B8CBD11000781A9 /* Button */,
				D222ED842B82DDCD002352B1 /* MarkerPlace.swift */,
				D2FD8BAC2B89BF6D00D34468 /* WaitingIndicatorStyle.swift */,
				D25DEC442B8CD54A000781A9 /* FormComponent.swift */,
			);
			path = Component;
			sourceTree = "<group>";
		};
		D24E02472B861AE4004F0FB7 /* Modifier */ = {
			isa = PBXGroup;
			children = (
				D24E02482B861B0F004F0FB7 /* ButtonPressAction.swift */,
			);
			path = Modifier;
			sourceTree = "<group>";
		};
		D24E024A2B8623C8004F0FB7 /* Router */ = {
			isa = PBXGroup;
			children = (
				D24E024B2B8623D4004F0FB7 /* Router.swift */,
			);
			path = Router;
			sourceTree = "<group>";
		};
		D25DEC412B8CBD11000781A9 /* Button */ = {
			isa = PBXGroup;
			children = (
				D2A0BC5D2B8B093A00092330 /* ButtonComponent.swift */,
				D233D59A2B823A7600D67CD6 /* TextButton.swift */,
				D25DEC422B8CBD29000781A9 /* ButtonModifier.swift */,
			);
			path = Button;
			sourceTree = "<group>";
		};
		D26345322B90AF5F00B3EBAC /* Splash */ = {
			isa = PBXGroup;
			children = (
				D233D58C2B821E7600D67CD6 /* SplashScreen.swift */,
			);
			path = Splash;
			sourceTree = "<group>";
		};
		D26345332B90AF7F00B3EBAC /* Eentrance */ = {
			isa = PBXGroup;
			children = (
				D233D5902B8221AE00D67CD6 /* EntranceScreen.swift */,
				D263453D2B90B5AD00B3EBAC /* EntranceViewModel.swift */,
			);
			path = Eentrance;
			sourceTree = "<group>";
		};
		D26345342B90AF9700B3EBAC /* DeviceFind */ = {
			isa = PBXGroup;
			children = (
				D233D5922B82224E00D67CD6 /* DeviceFindScreen.swift */,
				D26345402B90C0A600B3EBAC /* DeviceFindViewModel.swift */,
			);
			path = DeviceFind;
			sourceTree = "<group>";
		};
		D26345352B90AFAD00B3EBAC /* DeviceRegister */ = {
			isa = PBXGroup;
			children = (
				D233D5942B82225E00D67CD6 /* RegisterScreen.swift */,
			);
			path = DeviceRegister;
			sourceTree = "<group>";
		};
		D26345362B90AFF800B3EBAC /* FoundDevice */ = {
			isa = PBXGroup;
			children = (
				D277543E2B8B17C400EB49D9 /* DeviceFoundScreen.swift */,
			);
			path = FoundDevice;
			sourceTree = "<group>";
		};
		D263453F2B90B69C00B3EBAC /* DeviceRegisterState */ = {
			isa = PBXGroup;
			children = (
				D26345392B90B28D00B3EBAC /* DeviceRegisterState.swift */,
			);
			path = DeviceRegisterState;
			sourceTree = "<group>";
		};
		D2A0BC5A2B8AFB2500092330 /* Debug */ = {
			isa = PBXGroup;
			children = (
				D2A0BC5B2B8AFB3D00092330 /* DbFactoryPage.swift */,
			);
			path = Debug;
			sourceTree = "<group>";
		};
		D2FD8BAE2B89F63400D34468 /* Constant */ = {
			isa = PBXGroup;
			children = (
				D2FD8BAF2B89F6D600D34468 /* Constans.swift */,
			);
			path = Constant;
			sourceTree = "<group>";
		};
/* End PBXGroup section */

/* Begin PBXNativeTarget section */
		D233D5582B821D7800D67CD6 /* DeviceFinderIOS */ = {
			isa = PBXNativeTarget;
			buildConfigurationList = D233D57E2B821D7A00D67CD6 /* Build configuration list for PBXNativeTarget "DeviceFinderIOS" */;
			buildPhases = (
				D233D5572B821D7800D67CD6 /* Resources */,
				D233D5552B821D7800D67CD6 /* Sources */,
				D233D5562B821D7800D67CD6 /* Frameworks */,
			);
			buildRules = (
			);
			dependencies = (
			);
			name = DeviceFinderIOS;
			packageProductDependencies = (
				D222ED8C2B82E852002352B1 /* FirebaseAnalytics */,
				D222ED8E2B82E852002352B1 /* FirebaseAnalyticsOnDeviceConversion */,
				D222ED902B82E852002352B1 /* FirebaseAnalyticsSwift */,
				D222ED922B82E852002352B1 /* FirebaseAnalyticsWithoutAdIdSupport */,
				D222ED942B82E852002352B1 /* FirebaseAppCheck */,
				D222ED962B82E852002352B1 /* FirebaseAppDistribution-Beta */,
				D222ED982B82E852002352B1 /* FirebaseAuth */,
				D222ED9A2B82E852002352B1 /* FirebaseAuthCombine-Community */,
				D222ED9C2B82E852002352B1 /* FirebaseCrashlytics */,
				D222ED9E2B82E852002352B1 /* FirebaseDatabase */,
				D222EDA02B82E852002352B1 /* FirebaseDatabaseSwift */,
				D222EDA22B82E852002352B1 /* FirebaseDynamicLinks */,
				D222EDA42B82E852002352B1 /* FirebaseFirestore */,
				D222EDA62B82E852002352B1 /* FirebaseFirestoreCombine-Community */,
				D222EDA82B82E852002352B1 /* FirebaseFirestoreSwift */,
				D222EDAA2B82E852002352B1 /* FirebaseFunctions */,
				D222EDAC2B82E852002352B1 /* FirebaseFunctionsCombine-Community */,
				D222EDAE2B82E852002352B1 /* FirebaseInAppMessaging-Beta */,
				D222EDB02B82E852002352B1 /* FirebaseInAppMessagingSwift-Beta */,
				D222EDB22B82E852002352B1 /* FirebaseInstallations */,
				D222EDB42B82E852002352B1 /* FirebaseMLModelDownloader */,
				D222EDB62B82E852002352B1 /* FirebaseMessaging */,
				D222EDB82B82E852002352B1 /* FirebasePerformance */,
				D222EDBA2B82E852002352B1 /* FirebaseRemoteConfig */,
				D222EDBC2B82E852002352B1 /* FirebaseRemoteConfigSwift */,
				D222EDBE2B82E852002352B1 /* FirebaseStorage */,
				D222EDC02B82E852002352B1 /* FirebaseStorageCombine-Community */,
			);
			productName = DeviceFinderIOS;
			productReference = D233D5592B821D7800D67CD6 /* DeviceFinderIOS.app */;
			productType = "com.apple.product-type.application";
		};
		D233D5692B821D7A00D67CD6 /* DeviceFinderIOSTests */ = {
			isa = PBXNativeTarget;
			buildConfigurationList = D233D5812B821D7A00D67CD6 /* Build configuration list for PBXNativeTarget "DeviceFinderIOSTests" */;
			buildPhases = (
				D233D5662B821D7A00D67CD6 /* Sources */,
				D233D5672B821D7A00D67CD6 /* Frameworks */,
				D233D5682B821D7A00D67CD6 /* Resources */,
			);
			buildRules = (
			);
			dependencies = (
				D233D56C2B821D7A00D67CD6 /* PBXTargetDependency */,
			);
			name = DeviceFinderIOSTests;
			productName = DeviceFinderIOSTests;
			productReference = D233D56A2B821D7A00D67CD6 /* DeviceFinderIOSTests.xctest */;
			productType = "com.apple.product-type.bundle.unit-test";
		};
		D233D5732B821D7A00D67CD6 /* DeviceFinderIOSUITests */ = {
			isa = PBXNativeTarget;
			buildConfigurationList = D233D5842B821D7A00D67CD6 /* Build configuration list for PBXNativeTarget "DeviceFinderIOSUITests" */;
			buildPhases = (
				D233D5702B821D7A00D67CD6 /* Sources */,
				D233D5712B821D7A00D67CD6 /* Frameworks */,
				D233D5722B821D7A00D67CD6 /* Resources */,
			);
			buildRules = (
			);
			dependencies = (
				D233D5762B821D7A00D67CD6 /* PBXTargetDependency */,
			);
			name = DeviceFinderIOSUITests;
			productName = DeviceFinderIOSUITests;
			productReference = D233D5742B821D7A00D67CD6 /* DeviceFinderIOSUITests.xctest */;
			productType = "com.apple.product-type.bundle.ui-testing";
		};
/* End PBXNativeTarget section */

/* Begin PBXProject section */
		D233D5512B821D7800D67CD6 /* Project object */ = {
			isa = PBXProject;
			attributes = {
				BuildIndependentTargetsInParallel = 1;
				LastSwiftUpdateCheck = 1520;
				LastUpgradeCheck = 1520;
				TargetAttributes = {
					D233D5582B821D7800D67CD6 = {
						CreatedOnToolsVersion = 15.2;
					};
					D233D5692B821D7A00D67CD6 = {
						CreatedOnToolsVersion = 15.2;
						TestTargetID = D233D5582B821D7800D67CD6;
					};
					D233D5732B821D7A00D67CD6 = {
						CreatedOnToolsVersion = 15.2;
						TestTargetID = D233D5582B821D7800D67CD6;
					};
				};
			};
			buildConfigurationList = D233D5542B821D7800D67CD6 /* Build configuration list for PBXProject "DeviceFinderIOS" */;
			compatibilityVersion = "Xcode 14.0";
			developmentRegion = en;
			hasScannedForEncodings = 0;
			knownRegions = (
				en,
				Base,
				ja,
			);
			mainGroup = D233D5502B821D7800D67CD6;
			packageReferences = (
				D222ED8B2B82E852002352B1 /* XCRemoteSwiftPackageReference "firebase-ios-sdk" */,
			);
			productRefGroup = D233D55A2B821D7800D67CD6 /* Products */;
			projectDirPath = "";
			projectRoot = "";
			targets = (
				D233D5582B821D7800D67CD6 /* DeviceFinderIOS */,
				D233D5692B821D7A00D67CD6 /* DeviceFinderIOSTests */,
				D233D5732B821D7A00D67CD6 /* DeviceFinderIOSUITests */,
			);
		};
/* End PBXProject section */

/* Begin PBXResourcesBuildPhase section */
		D233D5572B821D7800D67CD6 /* Resources */ = {
			isa = PBXResourcesBuildPhase;
			buildActionMask = 2147483647;
			files = (
				D27754422B8B818500EB49D9 /* Localizable.strings in Resources */,
				D233D5652B821D7A00D67CD6 /* Preview Assets.xcassets in Resources */,
				D222ED8A2B82E7CE002352B1 /* GoogleService-Info.plist in Resources */,
				D233D58B2B821DFD00D67CD6 /* .gitignore in Resources */,
				D233D5612B821D7A00D67CD6 /* Assets.xcassets in Resources */,
			);
			runOnlyForDeploymentPostprocessing = 0;
		};
		D233D5682B821D7A00D67CD6 /* Resources */ = {
			isa = PBXResourcesBuildPhase;
			buildActionMask = 2147483647;
			files = (
			);
			runOnlyForDeploymentPostprocessing = 0;
		};
		D233D5722B821D7A00D67CD6 /* Resources */ = {
			isa = PBXResourcesBuildPhase;
			buildActionMask = 2147483647;
			files = (
			);
			runOnlyForDeploymentPostprocessing = 0;
		};
/* End PBXResourcesBuildPhase section */

/* Begin PBXSourcesBuildPhase section */
		D233D5552B821D7800D67CD6 /* Sources */ = {
			isa = PBXSourcesBuildPhase;
			buildActionMask = 2147483647;
			files = (
				D233D5982B82288D00D67CD6 /* GeoLocationService.swift in Sources */,
				D2FD8BB02B89F6D600D34468 /* Constans.swift in Sources */,
				D216667A2B8ABB4E00286B28 /* BackgroundTask.swift in Sources */,
				D222EDC62B839B73002352B1 /* DocumentRepository.swift in Sources */,
				D263453E2B90B5AD00B3EBAC /* EntranceViewModel.swift in Sources */,
				D2A0BC5C2B8AFB3D00092330 /* DbFactoryPage.swift in Sources */,
				D233D58D2B821E7600D67CD6 /* SplashScreen.swift in Sources */,
				D26345412B90C0A600B3EBAC /* DeviceFindViewModel.swift in Sources */,
				D233D5952B82225E00D67CD6 /* RegisterScreen.swift in Sources */,
				D233D55D2B821D7800D67CD6 /* DeviceFinderIOSApp.swift in Sources */,
				D233D5932B82224E00D67CD6 /* DeviceFindScreen.swift in Sources */,
				D222ED872B82E2E3002352B1 /* Validator.swift in Sources */,
				D24E024C2B8623D4004F0FB7 /* Router.swift in Sources */,
				D25DEC452B8CD54A000781A9 /* FormComponent.swift in Sources */,
				D233D59B2B823A7600D67CD6 /* TextButton.swift in Sources */,
				D233D59D2B823E1E00D67CD6 /* Util.swift in Sources */,
				D2A0BC5E2B8B093A00092330 /* ButtonComponent.swift in Sources */,
				D222ED852B82DDCD002352B1 /* MarkerPlace.swift in Sources */,
				D25DEC432B8CBD29000781A9 /* ButtonModifier.swift in Sources */,
				D24E02492B861B0F004F0FB7 /* ButtonPressAction.swift in Sources */,
				D2FD8BAD2B89BF6D00D34468 /* WaitingIndicatorStyle.swift in Sources */,
				D277543F2B8B17C400EB49D9 /* DeviceFoundScreen.swift in Sources */,
				D233D58F2B821ED800D67CD6 /* Device.swift in Sources */,
				D263453A2B90B28D00B3EBAC /* DeviceRegisterState.swift in Sources */,
				D233D5912B8221AE00D67CD6 /* EntranceScreen.swift in Sources */,
				D2F537A02B8E09F200E0C09F /* UIKitMapSnapshotPage.swift in Sources */,
			);
			runOnlyForDeploymentPostprocessing = 0;
		};
		D233D5662B821D7A00D67CD6 /* Sources */ = {
			isa = PBXSourcesBuildPhase;
			buildActionMask = 2147483647;
			files = (
				D233D56F2B821D7A00D67CD6 /* DeviceFinderIOSTests.swift in Sources */,
				D25DEC3A2B8C6D4B000781A9 /* MockedDocumentRepository.swift in Sources */,
				D25DEC382B8C6246000781A9 /* UnitTestFindPage.swift in Sources */,
				D25DEC3C2B8C74A6000781A9 /* UnitTestRegisterPage.swift in Sources */,
			);
			runOnlyForDeploymentPostprocessing = 0;
		};
		D233D5702B821D7A00D67CD6 /* Sources */ = {
			isa = PBXSourcesBuildPhase;
			buildActionMask = 2147483647;
			files = (
				D233D57B2B821D7A00D67CD6 /* DeviceFinderIOSUITestsLaunchTests.swift in Sources */,
				D233D5792B821D7A00D67CD6 /* DeviceFinderIOSUITests.swift in Sources */,
				D25DEC3E2B8CAC4E000781A9 /* FindPageUiTest.swift in Sources */,
				D25DEC402B8CAC8E000781A9 /* LaunchPageUiTest.swift in Sources */,
			);
			runOnlyForDeploymentPostprocessing = 0;
		};
/* End PBXSourcesBuildPhase section */

/* Begin PBXTargetDependency section */
		D233D56C2B821D7A00D67CD6 /* PBXTargetDependency */ = {
			isa = PBXTargetDependency;
			target = D233D5582B821D7800D67CD6 /* DeviceFinderIOS */;
			targetProxy = D233D56B2B821D7A00D67CD6 /* PBXContainerItemProxy */;
		};
		D233D5762B821D7A00D67CD6 /* PBXTargetDependency */ = {
			isa = PBXTargetDependency;
			target = D233D5582B821D7800D67CD6 /* DeviceFinderIOS */;
			targetProxy = D233D5752B821D7A00D67CD6 /* PBXContainerItemProxy */;
		};
/* End PBXTargetDependency section */

/* Begin PBXVariantGroup section */
		D27754442B8B818500EB49D9 /* Localizable.strings */ = {
			isa = PBXVariantGroup;
			children = (
				D27754432B8B818500EB49D9 /* en */,
				D27754452B8B819400EB49D9 /* ja */,
			);
			name = Localizable.strings;
			sourceTree = "<group>";
		};
/* End PBXVariantGroup section */

/* Begin XCBuildConfiguration section */
		D233D57C2B821D7A00D67CD6 /* Debug */ = {
			isa = XCBuildConfiguration;
			buildSettings = {
				ALWAYS_SEARCH_USER_PATHS = NO;
				ASSETCATALOG_COMPILER_GENERATE_SWIFT_ASSET_SYMBOL_EXTENSIONS = YES;
				CLANG_ANALYZER_NONNULL = YES;
				CLANG_ANALYZER_NUMBER_OBJECT_CONVERSION = YES_AGGRESSIVE;
				CLANG_CXX_LANGUAGE_STANDARD = "gnu++20";
				CLANG_ENABLE_MODULES = YES;
				CLANG_ENABLE_OBJC_ARC = YES;
				CLANG_ENABLE_OBJC_WEAK = YES;
				CLANG_WARN_BLOCK_CAPTURE_AUTORELEASING = YES;
				CLANG_WARN_BOOL_CONVERSION = YES;
				CLANG_WARN_COMMA = YES;
				CLANG_WARN_CONSTANT_CONVERSION = YES;
				CLANG_WARN_DEPRECATED_OBJC_IMPLEMENTATIONS = YES;
				CLANG_WARN_DIRECT_OBJC_ISA_USAGE = YES_ERROR;
				CLANG_WARN_DOCUMENTATION_COMMENTS = YES;
				CLANG_WARN_EMPTY_BODY = YES;
				CLANG_WARN_ENUM_CONVERSION = YES;
				CLANG_WARN_INFINITE_RECURSION = YES;
				CLANG_WARN_INT_CONVERSION = YES;
				CLANG_WARN_NON_LITERAL_NULL_CONVERSION = YES;
				CLANG_WARN_OBJC_IMPLICIT_RETAIN_SELF = YES;
				CLANG_WARN_OBJC_LITERAL_CONVERSION = YES;
				CLANG_WARN_OBJC_ROOT_CLASS = YES_ERROR;
				CLANG_WARN_QUOTED_INCLUDE_IN_FRAMEWORK_HEADER = YES;
				CLANG_WARN_RANGE_LOOP_ANALYSIS = YES;
				CLANG_WARN_STRICT_PROTOTYPES = YES;
				CLANG_WARN_SUSPICIOUS_MOVE = YES;
				CLANG_WARN_UNGUARDED_AVAILABILITY = YES_AGGRESSIVE;
				CLANG_WARN_UNREACHABLE_CODE = YES;
				CLANG_WARN__DUPLICATE_METHOD_MATCH = YES;
				COPY_PHASE_STRIP = NO;
				DEBUG_INFORMATION_FORMAT = dwarf;
				ENABLE_STRICT_OBJC_MSGSEND = YES;
				ENABLE_TESTABILITY = YES;
				ENABLE_USER_SCRIPT_SANDBOXING = YES;
				GCC_C_LANGUAGE_STANDARD = gnu17;
				GCC_DYNAMIC_NO_PIC = NO;
				GCC_NO_COMMON_BLOCKS = YES;
				GCC_OPTIMIZATION_LEVEL = 0;
				GCC_PREPROCESSOR_DEFINITIONS = (
					"DEBUG=1",
					"$(inherited)",
				);
				GCC_WARN_64_TO_32_BIT_CONVERSION = YES;
				GCC_WARN_ABOUT_RETURN_TYPE = YES_ERROR;
				GCC_WARN_UNDECLARED_SELECTOR = YES;
				GCC_WARN_UNINITIALIZED_AUTOS = YES_AGGRESSIVE;
				GCC_WARN_UNUSED_FUNCTION = YES;
				GCC_WARN_UNUSED_VARIABLE = YES;
				LOCALIZATION_PREFERS_STRING_CATALOGS = YES;
				MTL_ENABLE_DEBUG_INFO = INCLUDE_SOURCE;
				MTL_FAST_MATH = YES;
				ONLY_ACTIVE_ARCH = YES;
				SWIFT_ACTIVE_COMPILATION_CONDITIONS = "DEBUG $(inherited)";
				SWIFT_OPTIMIZATION_LEVEL = "-Onone";
			};
			name = Debug;
		};
		D233D57D2B821D7A00D67CD6 /* Release */ = {
			isa = XCBuildConfiguration;
			buildSettings = {
				ALWAYS_SEARCH_USER_PATHS = NO;
				ASSETCATALOG_COMPILER_GENERATE_SWIFT_ASSET_SYMBOL_EXTENSIONS = YES;
				CLANG_ANALYZER_NONNULL = YES;
				CLANG_ANALYZER_NUMBER_OBJECT_CONVERSION = YES_AGGRESSIVE;
				CLANG_CXX_LANGUAGE_STANDARD = "gnu++20";
				CLANG_ENABLE_MODULES = YES;
				CLANG_ENABLE_OBJC_ARC = YES;
				CLANG_ENABLE_OBJC_WEAK = YES;
				CLANG_WARN_BLOCK_CAPTURE_AUTORELEASING = YES;
				CLANG_WARN_BOOL_CONVERSION = YES;
				CLANG_WARN_COMMA = YES;
				CLANG_WARN_CONSTANT_CONVERSION = YES;
				CLANG_WARN_DEPRECATED_OBJC_IMPLEMENTATIONS = YES;
				CLANG_WARN_DIRECT_OBJC_ISA_USAGE = YES_ERROR;
				CLANG_WARN_DOCUMENTATION_COMMENTS = YES;
				CLANG_WARN_EMPTY_BODY = YES;
				CLANG_WARN_ENUM_CONVERSION = YES;
				CLANG_WARN_INFINITE_RECURSION = YES;
				CLANG_WARN_INT_CONVERSION = YES;
				CLANG_WARN_NON_LITERAL_NULL_CONVERSION = YES;
				CLANG_WARN_OBJC_IMPLICIT_RETAIN_SELF = YES;
				CLANG_WARN_OBJC_LITERAL_CONVERSION = YES;
				CLANG_WARN_OBJC_ROOT_CLASS = YES_ERROR;
				CLANG_WARN_QUOTED_INCLUDE_IN_FRAMEWORK_HEADER = YES;
				CLANG_WARN_RANGE_LOOP_ANALYSIS = YES;
				CLANG_WARN_STRICT_PROTOTYPES = YES;
				CLANG_WARN_SUSPICIOUS_MOVE = YES;
				CLANG_WARN_UNGUARDED_AVAILABILITY = YES_AGGRESSIVE;
				CLANG_WARN_UNREACHABLE_CODE = YES;
				CLANG_WARN__DUPLICATE_METHOD_MATCH = YES;
				COPY_PHASE_STRIP = NO;
				DEBUG_INFORMATION_FORMAT = "dwarf-with-dsym";
				ENABLE_NS_ASSERTIONS = NO;
				ENABLE_STRICT_OBJC_MSGSEND = YES;
				ENABLE_USER_SCRIPT_SANDBOXING = YES;
				GCC_C_LANGUAGE_STANDARD = gnu17;
				GCC_NO_COMMON_BLOCKS = YES;
				GCC_WARN_64_TO_32_BIT_CONVERSION = YES;
				GCC_WARN_ABOUT_RETURN_TYPE = YES_ERROR;
				GCC_WARN_UNDECLARED_SELECTOR = YES;
				GCC_WARN_UNINITIALIZED_AUTOS = YES_AGGRESSIVE;
				GCC_WARN_UNUSED_FUNCTION = YES;
				GCC_WARN_UNUSED_VARIABLE = YES;
				LOCALIZATION_PREFERS_STRING_CATALOGS = YES;
				MTL_ENABLE_DEBUG_INFO = NO;
				MTL_FAST_MATH = YES;
				SWIFT_COMPILATION_MODE = wholemodule;
			};
			name = Release;
		};
		D233D57F2B821D7A00D67CD6 /* Debug */ = {
			isa = XCBuildConfiguration;
			buildSettings = {
				ASSETCATALOG_COMPILER_APPICON_NAME = AppIcon;
				ASSETCATALOG_COMPILER_GLOBAL_ACCENT_COLOR_NAME = AccentColor;
				CODE_SIGN_ENTITLEMENTS = DeviceFinderIOS/DeviceFinderIOS.entitlements;
				CODE_SIGN_IDENTITY = "Apple Development";
				CODE_SIGN_STYLE = Automatic;
				CURRENT_PROJECT_VERSION = 1;
				DEVELOPMENT_ASSET_PATHS = "\"DeviceFinderIOS/Preview Content\"";
				DEVELOPMENT_TEAM = D44U773BCL;
				ENABLE_HARDENED_RUNTIME = YES;
				ENABLE_PREVIEWS = YES;
				GENERATE_INFOPLIST_FILE = YES;
				INFOPLIST_FILE = DeviceFinderIOS/Info.plist;
				INFOPLIST_KEY_NSLocationWhenInUseUsageDescription = "";
				"INFOPLIST_KEY_UIApplicationSceneManifest_Generation[sdk=iphoneos*]" = YES;
				"INFOPLIST_KEY_UIApplicationSceneManifest_Generation[sdk=iphonesimulator*]" = YES;
				"INFOPLIST_KEY_UIApplicationSupportsIndirectInputEvents[sdk=iphoneos*]" = YES;
				"INFOPLIST_KEY_UIApplicationSupportsIndirectInputEvents[sdk=iphonesimulator*]" = YES;
				"INFOPLIST_KEY_UILaunchScreen_Generation[sdk=iphoneos*]" = YES;
				"INFOPLIST_KEY_UILaunchScreen_Generation[sdk=iphonesimulator*]" = YES;
				"INFOPLIST_KEY_UIStatusBarStyle[sdk=iphoneos*]" = UIStatusBarStyleDefault;
				"INFOPLIST_KEY_UIStatusBarStyle[sdk=iphonesimulator*]" = UIStatusBarStyleDefault;
				INFOPLIST_KEY_UISupportedInterfaceOrientations_iPad = "UIInterfaceOrientationPortrait UIInterfaceOrientationPortraitUpsideDown UIInterfaceOrientationLandscapeLeft UIInterfaceOrientationLandscapeRight";
				INFOPLIST_KEY_UISupportedInterfaceOrientations_iPhone = "UIInterfaceOrientationPortrait UIInterfaceOrientationLandscapeLeft UIInterfaceOrientationLandscapeRight";
				IPHONEOS_DEPLOYMENT_TARGET = 16.0;
				LD_RUNPATH_SEARCH_PATHS = "@executable_path/Frameworks";
				"LD_RUNPATH_SEARCH_PATHS[sdk=macosx*]" = "@executable_path/../Frameworks";
				MACOSX_DEPLOYMENT_TARGET = 14.1;
				MARKETING_VERSION = 1.0;
				PRODUCT_BUNDLE_IDENTIFIER = com.kaitokitaya.DeviceFinderIOS;
				PRODUCT_NAME = "$(TARGET_NAME)";
				PROVISIONING_PROFILE_SPECIFIER = "";
				SDKROOT = auto;
				SUPPORTED_PLATFORMS = "iphoneos iphonesimulator macosx";
				SWIFT_EMIT_LOC_STRINGS = YES;
				SWIFT_VERSION = 5.0;
				TARGETED_DEVICE_FAMILY = "1,2";
			};
			name = Debug;
		};
		D233D5802B821D7A00D67CD6 /* Release */ = {
			isa = XCBuildConfiguration;
			buildSettings = {
				ASSETCATALOG_COMPILER_APPICON_NAME = AppIcon;
				ASSETCATALOG_COMPILER_GLOBAL_ACCENT_COLOR_NAME = AccentColor;
				CODE_SIGN_ENTITLEMENTS = DeviceFinderIOS/DeviceFinderIOS.entitlements;
				CODE_SIGN_IDENTITY = "Apple Development";
				CODE_SIGN_STYLE = Automatic;
				CURRENT_PROJECT_VERSION = 1;
				DEVELOPMENT_ASSET_PATHS = "\"DeviceFinderIOS/Preview Content\"";
				DEVELOPMENT_TEAM = D44U773BCL;
				ENABLE_HARDENED_RUNTIME = YES;
				ENABLE_PREVIEWS = YES;
				GENERATE_INFOPLIST_FILE = YES;
				INFOPLIST_FILE = DeviceFinderIOS/Info.plist;
				INFOPLIST_KEY_NSLocationWhenInUseUsageDescription = "";
				"INFOPLIST_KEY_UIApplicationSceneManifest_Generation[sdk=iphoneos*]" = YES;
				"INFOPLIST_KEY_UIApplicationSceneManifest_Generation[sdk=iphonesimulator*]" = YES;
				"INFOPLIST_KEY_UIApplicationSupportsIndirectInputEvents[sdk=iphoneos*]" = YES;
				"INFOPLIST_KEY_UIApplicationSupportsIndirectInputEvents[sdk=iphonesimulator*]" = YES;
				"INFOPLIST_KEY_UILaunchScreen_Generation[sdk=iphoneos*]" = YES;
				"INFOPLIST_KEY_UILaunchScreen_Generation[sdk=iphonesimulator*]" = YES;
				"INFOPLIST_KEY_UIStatusBarStyle[sdk=iphoneos*]" = UIStatusBarStyleDefault;
				"INFOPLIST_KEY_UIStatusBarStyle[sdk=iphonesimulator*]" = UIStatusBarStyleDefault;
				INFOPLIST_KEY_UISupportedInterfaceOrientations_iPad = "UIInterfaceOrientationPortrait UIInterfaceOrientationPortraitUpsideDown UIInterfaceOrientationLandscapeLeft UIInterfaceOrientationLandscapeRight";
				INFOPLIST_KEY_UISupportedInterfaceOrientations_iPhone = "UIInterfaceOrientationPortrait UIInterfaceOrientationLandscapeLeft UIInterfaceOrientationLandscapeRight";
				IPHONEOS_DEPLOYMENT_TARGET = 16.0;
				LD_RUNPATH_SEARCH_PATHS = "@executable_path/Frameworks";
				"LD_RUNPATH_SEARCH_PATHS[sdk=macosx*]" = "@executable_path/../Frameworks";
				MACOSX_DEPLOYMENT_TARGET = 14.1;
				MARKETING_VERSION = 1.0;
				PRODUCT_BUNDLE_IDENTIFIER = com.kaitokitaya.DeviceFinderIOS;
				PRODUCT_NAME = "$(TARGET_NAME)";
				PROVISIONING_PROFILE_SPECIFIER = "";
				SDKROOT = auto;
				SUPPORTED_PLATFORMS = "iphoneos iphonesimulator macosx";
				SWIFT_EMIT_LOC_STRINGS = YES;
				SWIFT_VERSION = 5.0;
				TARGETED_DEVICE_FAMILY = "1,2";
			};
			name = Release;
		};
		D233D5822B821D7A00D67CD6 /* Debug */ = {
			isa = XCBuildConfiguration;
			buildSettings = {
				ALWAYS_EMBED_SWIFT_STANDARD_LIBRARIES = YES;
				BUNDLE_LOADER = "$(TEST_HOST)";
				CODE_SIGN_STYLE = Automatic;
				CURRENT_PROJECT_VERSION = 1;
				DEVELOPMENT_TEAM = D44U773BCL;
				GENERATE_INFOPLIST_FILE = YES;
				IPHONEOS_DEPLOYMENT_TARGET = 16.0;
				MACOSX_DEPLOYMENT_TARGET = 14.1;
				MARKETING_VERSION = 1.0;
				PRODUCT_BUNDLE_IDENTIFIER = com.kaitokitaya.DeviceFinderIOSTests;
				PRODUCT_NAME = "$(TARGET_NAME)";
				SDKROOT = auto;
				SUPPORTED_PLATFORMS = "iphoneos iphonesimulator macosx";
				SWIFT_EMIT_LOC_STRINGS = NO;
				SWIFT_VERSION = 5.0;
				TARGETED_DEVICE_FAMILY = "1,2";
				TEST_HOST = "$(BUILT_PRODUCTS_DIR)/DeviceFinderIOS.app/$(BUNDLE_EXECUTABLE_FOLDER_PATH)/DeviceFinderIOS";
			};
			name = Debug;
		};
		D233D5832B821D7A00D67CD6 /* Release */ = {
			isa = XCBuildConfiguration;
			buildSettings = {
				ALWAYS_EMBED_SWIFT_STANDARD_LIBRARIES = YES;
				BUNDLE_LOADER = "$(TEST_HOST)";
				CODE_SIGN_STYLE = Automatic;
				CURRENT_PROJECT_VERSION = 1;
				DEVELOPMENT_TEAM = D44U773BCL;
				GENERATE_INFOPLIST_FILE = YES;
				IPHONEOS_DEPLOYMENT_TARGET = 16.0;
				MACOSX_DEPLOYMENT_TARGET = 14.1;
				MARKETING_VERSION = 1.0;
				PRODUCT_BUNDLE_IDENTIFIER = com.kaitokitaya.DeviceFinderIOSTests;
				PRODUCT_NAME = "$(TARGET_NAME)";
				SDKROOT = auto;
				SUPPORTED_PLATFORMS = "iphoneos iphonesimulator macosx";
				SWIFT_EMIT_LOC_STRINGS = NO;
				SWIFT_VERSION = 5.0;
				TARGETED_DEVICE_FAMILY = "1,2";
				TEST_HOST = "$(BUILT_PRODUCTS_DIR)/DeviceFinderIOS.app/$(BUNDLE_EXECUTABLE_FOLDER_PATH)/DeviceFinderIOS";
			};
			name = Release;
		};
		D233D5852B821D7A00D67CD6 /* Debug */ = {
			isa = XCBuildConfiguration;
			buildSettings = {
				ALWAYS_EMBED_SWIFT_STANDARD_LIBRARIES = YES;
				CODE_SIGN_STYLE = Automatic;
				CURRENT_PROJECT_VERSION = 1;
				DEVELOPMENT_TEAM = D44U773BCL;
				GENERATE_INFOPLIST_FILE = YES;
				IPHONEOS_DEPLOYMENT_TARGET = 16.0;
				MACOSX_DEPLOYMENT_TARGET = 14.1;
				MARKETING_VERSION = 1.0;
				PRODUCT_BUNDLE_IDENTIFIER = com.kaitokitaya.DeviceFinderIOSUITests;
				PRODUCT_NAME = "$(TARGET_NAME)";
				SDKROOT = auto;
				SUPPORTED_PLATFORMS = "iphoneos iphonesimulator macosx";
				SWIFT_EMIT_LOC_STRINGS = NO;
				SWIFT_VERSION = 5.0;
				TARGETED_DEVICE_FAMILY = "1,2";
				TEST_TARGET_NAME = DeviceFinderIOS;
			};
			name = Debug;
		};
		D233D5862B821D7A00D67CD6 /* Release */ = {
			isa = XCBuildConfiguration;
			buildSettings = {
				ALWAYS_EMBED_SWIFT_STANDARD_LIBRARIES = YES;
				CODE_SIGN_STYLE = Automatic;
				CURRENT_PROJECT_VERSION = 1;
				DEVELOPMENT_TEAM = D44U773BCL;
				GENERATE_INFOPLIST_FILE = YES;
				IPHONEOS_DEPLOYMENT_TARGET = 16.0;
				MACOSX_DEPLOYMENT_TARGET = 14.1;
				MARKETING_VERSION = 1.0;
				PRODUCT_BUNDLE_IDENTIFIER = com.kaitokitaya.DeviceFinderIOSUITests;
				PRODUCT_NAME = "$(TARGET_NAME)";
				SDKROOT = auto;
				SUPPORTED_PLATFORMS = "iphoneos iphonesimulator macosx";
				SWIFT_EMIT_LOC_STRINGS = NO;
				SWIFT_VERSION = 5.0;
				TARGETED_DEVICE_FAMILY = "1,2";
				TEST_TARGET_NAME = DeviceFinderIOS;
			};
			name = Release;
		};
/* End XCBuildConfiguration section */

/* Begin XCConfigurationList section */
		D233D5542B821D7800D67CD6 /* Build configuration list for PBXProject "DeviceFinderIOS" */ = {
			isa = XCConfigurationList;
			buildConfigurations = (
				D233D57C2B821D7A00D67CD6 /* Debug */,
				D233D57D2B821D7A00D67CD6 /* Release */,
			);
			defaultConfigurationIsVisible = 0;
			defaultConfigurationName = Release;
		};
		D233D57E2B821D7A00D67CD6 /* Build configuration list for PBXNativeTarget "DeviceFinderIOS" */ = {
			isa = XCConfigurationList;
			buildConfigurations = (
				D233D57F2B821D7A00D67CD6 /* Debug */,
				D233D5802B821D7A00D67CD6 /* Release */,
			);
			defaultConfigurationIsVisible = 0;
			defaultConfigurationName = Release;
		};
		D233D5812B821D7A00D67CD6 /* Build configuration list for PBXNativeTarget "DeviceFinderIOSTests" */ = {
			isa = XCConfigurationList;
			buildConfigurations = (
				D233D5822B821D7A00D67CD6 /* Debug */,
				D233D5832B821D7A00D67CD6 /* Release */,
			);
			defaultConfigurationIsVisible = 0;
			defaultConfigurationName = Release;
		};
		D233D5842B821D7A00D67CD6 /* Build configuration list for PBXNativeTarget "DeviceFinderIOSUITests" */ = {
			isa = XCConfigurationList;
			buildConfigurations = (
				D233D5852B821D7A00D67CD6 /* Debug */,
				D233D5862B821D7A00D67CD6 /* Release */,
			);
			defaultConfigurationIsVisible = 0;
			defaultConfigurationName = Release;
		};
/* End XCConfigurationList section */

/* Begin XCRemoteSwiftPackageReference section */
		D222ED8B2B82E852002352B1 /* XCRemoteSwiftPackageReference "firebase-ios-sdk" */ = {
			isa = XCRemoteSwiftPackageReference;
			repositoryURL = "https://github.com/firebase/firebase-ios-sdk";
			requirement = {
				kind = upToNextMajorVersion;
				minimumVersion = 10.21.0;
			};
		};
/* End XCRemoteSwiftPackageReference section */

/* Begin XCSwiftPackageProductDependency section */
		D222ED8C2B82E852002352B1 /* FirebaseAnalytics */ = {
			isa = XCSwiftPackageProductDependency;
			package = D222ED8B2B82E852002352B1 /* XCRemoteSwiftPackageReference "firebase-ios-sdk" */;
			productName = FirebaseAnalytics;
		};
		D222ED8E2B82E852002352B1 /* FirebaseAnalyticsOnDeviceConversion */ = {
			isa = XCSwiftPackageProductDependency;
			package = D222ED8B2B82E852002352B1 /* XCRemoteSwiftPackageReference "firebase-ios-sdk" */;
			productName = FirebaseAnalyticsOnDeviceConversion;
		};
		D222ED902B82E852002352B1 /* FirebaseAnalyticsSwift */ = {
			isa = XCSwiftPackageProductDependency;
			package = D222ED8B2B82E852002352B1 /* XCRemoteSwiftPackageReference "firebase-ios-sdk" */;
			productName = FirebaseAnalyticsSwift;
		};
		D222ED922B82E852002352B1 /* FirebaseAnalyticsWithoutAdIdSupport */ = {
			isa = XCSwiftPackageProductDependency;
			package = D222ED8B2B82E852002352B1 /* XCRemoteSwiftPackageReference "firebase-ios-sdk" */;
			productName = FirebaseAnalyticsWithoutAdIdSupport;
		};
		D222ED942B82E852002352B1 /* FirebaseAppCheck */ = {
			isa = XCSwiftPackageProductDependency;
			package = D222ED8B2B82E852002352B1 /* XCRemoteSwiftPackageReference "firebase-ios-sdk" */;
			productName = FirebaseAppCheck;
		};
		D222ED962B82E852002352B1 /* FirebaseAppDistribution-Beta */ = {
			isa = XCSwiftPackageProductDependency;
			package = D222ED8B2B82E852002352B1 /* XCRemoteSwiftPackageReference "firebase-ios-sdk" */;
			productName = "FirebaseAppDistribution-Beta";
		};
		D222ED982B82E852002352B1 /* FirebaseAuth */ = {
			isa = XCSwiftPackageProductDependency;
			package = D222ED8B2B82E852002352B1 /* XCRemoteSwiftPackageReference "firebase-ios-sdk" */;
			productName = FirebaseAuth;
		};
		D222ED9A2B82E852002352B1 /* FirebaseAuthCombine-Community */ = {
			isa = XCSwiftPackageProductDependency;
			package = D222ED8B2B82E852002352B1 /* XCRemoteSwiftPackageReference "firebase-ios-sdk" */;
			productName = "FirebaseAuthCombine-Community";
		};
		D222ED9C2B82E852002352B1 /* FirebaseCrashlytics */ = {
			isa = XCSwiftPackageProductDependency;
			package = D222ED8B2B82E852002352B1 /* XCRemoteSwiftPackageReference "firebase-ios-sdk" */;
			productName = FirebaseCrashlytics;
		};
		D222ED9E2B82E852002352B1 /* FirebaseDatabase */ = {
			isa = XCSwiftPackageProductDependency;
			package = D222ED8B2B82E852002352B1 /* XCRemoteSwiftPackageReference "firebase-ios-sdk" */;
			productName = FirebaseDatabase;
		};
		D222EDA02B82E852002352B1 /* FirebaseDatabaseSwift */ = {
			isa = XCSwiftPackageProductDependency;
			package = D222ED8B2B82E852002352B1 /* XCRemoteSwiftPackageReference "firebase-ios-sdk" */;
			productName = FirebaseDatabaseSwift;
		};
		D222EDA22B82E852002352B1 /* FirebaseDynamicLinks */ = {
			isa = XCSwiftPackageProductDependency;
			package = D222ED8B2B82E852002352B1 /* XCRemoteSwiftPackageReference "firebase-ios-sdk" */;
			productName = FirebaseDynamicLinks;
		};
		D222EDA42B82E852002352B1 /* FirebaseFirestore */ = {
			isa = XCSwiftPackageProductDependency;
			package = D222ED8B2B82E852002352B1 /* XCRemoteSwiftPackageReference "firebase-ios-sdk" */;
			productName = FirebaseFirestore;
		};
		D222EDA62B82E852002352B1 /* FirebaseFirestoreCombine-Community */ = {
			isa = XCSwiftPackageProductDependency;
			package = D222ED8B2B82E852002352B1 /* XCRemoteSwiftPackageReference "firebase-ios-sdk" */;
			productName = "FirebaseFirestoreCombine-Community";
		};
		D222EDA82B82E852002352B1 /* FirebaseFirestoreSwift */ = {
			isa = XCSwiftPackageProductDependency;
			package = D222ED8B2B82E852002352B1 /* XCRemoteSwiftPackageReference "firebase-ios-sdk" */;
			productName = FirebaseFirestoreSwift;
		};
		D222EDAA2B82E852002352B1 /* FirebaseFunctions */ = {
			isa = XCSwiftPackageProductDependency;
			package = D222ED8B2B82E852002352B1 /* XCRemoteSwiftPackageReference "firebase-ios-sdk" */;
			productName = FirebaseFunctions;
		};
		D222EDAC2B82E852002352B1 /* FirebaseFunctionsCombine-Community */ = {
			isa = XCSwiftPackageProductDependency;
			package = D222ED8B2B82E852002352B1 /* XCRemoteSwiftPackageReference "firebase-ios-sdk" */;
			productName = "FirebaseFunctionsCombine-Community";
		};
		D222EDAE2B82E852002352B1 /* FirebaseInAppMessaging-Beta */ = {
			isa = XCSwiftPackageProductDependency;
			package = D222ED8B2B82E852002352B1 /* XCRemoteSwiftPackageReference "firebase-ios-sdk" */;
			productName = "FirebaseInAppMessaging-Beta";
		};
		D222EDB02B82E852002352B1 /* FirebaseInAppMessagingSwift-Beta */ = {
			isa = XCSwiftPackageProductDependency;
			package = D222ED8B2B82E852002352B1 /* XCRemoteSwiftPackageReference "firebase-ios-sdk" */;
			productName = "FirebaseInAppMessagingSwift-Beta";
		};
		D222EDB22B82E852002352B1 /* FirebaseInstallations */ = {
			isa = XCSwiftPackageProductDependency;
			package = D222ED8B2B82E852002352B1 /* XCRemoteSwiftPackageReference "firebase-ios-sdk" */;
			productName = FirebaseInstallations;
		};
		D222EDB42B82E852002352B1 /* FirebaseMLModelDownloader */ = {
			isa = XCSwiftPackageProductDependency;
			package = D222ED8B2B82E852002352B1 /* XCRemoteSwiftPackageReference "firebase-ios-sdk" */;
			productName = FirebaseMLModelDownloader;
		};
		D222EDB62B82E852002352B1 /* FirebaseMessaging */ = {
			isa = XCSwiftPackageProductDependency;
			package = D222ED8B2B82E852002352B1 /* XCRemoteSwiftPackageReference "firebase-ios-sdk" */;
			productName = FirebaseMessaging;
		};
		D222EDB82B82E852002352B1 /* FirebasePerformance */ = {
			isa = XCSwiftPackageProductDependency;
			package = D222ED8B2B82E852002352B1 /* XCRemoteSwiftPackageReference "firebase-ios-sdk" */;
			productName = FirebasePerformance;
		};
		D222EDBA2B82E852002352B1 /* FirebaseRemoteConfig */ = {
			isa = XCSwiftPackageProductDependency;
			package = D222ED8B2B82E852002352B1 /* XCRemoteSwiftPackageReference "firebase-ios-sdk" */;
			productName = FirebaseRemoteConfig;
		};
		D222EDBC2B82E852002352B1 /* FirebaseRemoteConfigSwift */ = {
			isa = XCSwiftPackageProductDependency;
			package = D222ED8B2B82E852002352B1 /* XCRemoteSwiftPackageReference "firebase-ios-sdk" */;
			productName = FirebaseRemoteConfigSwift;
		};
		D222EDBE2B82E852002352B1 /* FirebaseStorage */ = {
			isa = XCSwiftPackageProductDependency;
			package = D222ED8B2B82E852002352B1 /* XCRemoteSwiftPackageReference "firebase-ios-sdk" */;
			productName = FirebaseStorage;
		};
		D222EDC02B82E852002352B1 /* FirebaseStorageCombine-Community */ = {
			isa = XCSwiftPackageProductDependency;
			package = D222ED8B2B82E852002352B1 /* XCRemoteSwiftPackageReference "firebase-ios-sdk" */;
			productName = "FirebaseStorageCombine-Community";
		};
/* End XCSwiftPackageProductDependency section */
	};
	rootObject = D233D5512B821D7800D67CD6 /* Project object */;
}
